
Microsoft Visual Studio Solution File, Format Version 12.00
# Visual Studio Version 17
VisualStudioVersion = 17.11.35303.130
MinimumVisualStudioVersion = 10.0.40219.1
Project("{9A19103F-16F7-4668-BE54-9A1E7A4F7556}") = "WebApplication1", "WebApplication1\WebApplication1.csproj", "{9A003E4E-8FE5-474A-8C87-4BEB57F3F376}"
EndProject
Project("{2150E333-8FDC-42A3-9474-1A3956D46DE8}") = "Librerias", "Librerias", "{E210A1AC-CABC-4DF2-BAA1-78E5503BE4EE}"
EndProject
Project("{9A19103F-16F7-4668-BE54-9A1E7A4F7556}") = "DALCodeFirst", "DALCodeFIrst\DALCodeFirst.csproj", "{261F993C-6B7B-499E-9A49-90E25FEF4485}"
EndProject
Project("{9A19103F-16F7-4668-BE54-9A1E7A4F7556}") = "Core", "Core\Core.csproj", "{F987E6F6-FE31-4D70-9001-D382E244417D}"
EndProject
Project("{9A19103F-16F7-4668-BE54-9A1E7A4F7556}") = "Servicios", "Servicios\Servicios.csproj", "{2DD2E05A-A16E-43BD-B4CE-175456362186}"
	ProjectSection(ProjectDependencies) = postProject
		{F987E6F6-FE31-4D70-9001-D382E244417D} = {F987E6F6-FE31-4D70-9001-D382E244417D}
	EndProjectSection
EndProject
Global
	GlobalSection(SolutionConfigurationPlatforms) = preSolution
		Debug|Any CPU = Debug|Any CPU
		Release|Any CPU = Release|Any CPU
	EndGlobalSection
	GlobalSection(ProjectConfigurationPlatforms) = postSolution
		{9A003E4E-8FE5-474A-8C87-4BEB57F3F376}.Debug|Any CPU.ActiveCfg = Debug|Any CPU
		{9A003E4E-8FE5-474A-8C87-4BEB57F3F376}.Debug|Any CPU.Build.0 = Debug|Any CPU
		{9A003E4E-8FE5-474A-8C87-4BEB57F3F376}.Release|Any CPU.ActiveCfg = Release|Any CPU
		{9A003E4E-8FE5-474A-8C87-4BEB57F3F376}.Release|Any CPU.Build.0 = Release|Any CPU
		{261F993C-6B7B-499E-9A49-90E25FEF4485}.Debug|Any CPU.ActiveCfg = Debug|Any CPU
		{261F993C-6B7B-499E-9A49-90E25FEF4485}.Debug|Any CPU.Build.0 = Debug|Any CPU
		{261F993C-6B7B-499E-9A49-90E25FEF4485}.Release|Any CPU.ActiveCfg = Release|Any CPU
		{261F993C-6B7B-499E-9A49-90E25FEF4485}.Release|Any CPU.Build.0 = Release|Any CPU
		{F987E6F6-FE31-4D70-9001-D382E244417D}.Debug|Any CPU.ActiveCfg = Debug|Any CPU
		{F987E6F6-FE31-4D70-9001-D382E244417D}.Debug|Any CPU.Build.0 = Debug|Any CPU
		{F987E6F6-FE31-4D70-9001-D382E244417D}.Release|Any CPU.ActiveCfg = Release|Any CPU
		{F987E6F6-FE31-4D70-9001-D382E244417D}.Release|Any CPU.Build.0 = Release|Any CPU
		{2DD2E05A-A16E-43BD-B4CE-175456362186}.Debug|Any CPU.ActiveCfg = Debug|Any CPU
		{2DD2E05A-A16E-43BD-B4CE-175456362186}.Debug|Any CPU.Build.0 = Debug|Any CPU
		{2DD2E05A-A16E-43BD-B4CE-175456362186}.Release|Any CPU.ActiveCfg = Release|Any CPU
		{2DD2E05A-A16E-43BD-B4CE-175456362186}.Release|Any CPU.Build.0 = Release|Any CPU
	EndGlobalSection
	GlobalSection(SolutionProperties) = preSolution
		HideSolutionNode = FALSE
	EndGlobalSection
	GlobalSection(NestedProjects) = preSolution
		{261F993C-6B7B-499E-9A49-90E25FEF4485} = {E210A1AC-CABC-4DF2-BAA1-78E5503BE4EE}
		{F987E6F6-FE31-4D70-9001-D382E244417D} = {E210A1AC-CABC-4DF2-BAA1-78E5503BE4EE}
		{2DD2E05A-A16E-43BD-B4CE-175456362186} = {E210A1AC-CABC-4DF2-BAA1-78E5503BE4EE}
	EndGlobalSection
	GlobalSection(ExtensibilityGlobals) = postSolution
		SolutionGuid = {98FB678F-5C58-4FC9-811B-D6DA66B3D35C}
	EndGlobalSection
EndGlobal
